
Microsoft Visual Studio Solution File, Format Version 12.00
# Visual Studio Version 16
VisualStudioVersion = 16.0.33027.164
MinimumVisualStudioVersion = 10.0.40219.1
Project("{FAE04EC0-301F-11D3-BF4B-00C04F79EFBC}") = "ProvenCfoUI", "ProvenCfoUI.csproj", "{0FD9499A-9D3A-4599-9B5B-BBAC2E8CB1D4}"
EndProject
Project("{FAE04EC0-301F-11D3-BF4B-00C04F79EFBC}") = "Proven.Service", "Proven.Service\Proven.Service.csproj", "{E23A6DC5-D7A9-4C23-9FC3-466911918E23}"
EndProject
Project("{FAE04EC0-301F-11D3-BF4B-00C04F79EFBC}") = "Proven.Model", "Proven.Model\Proven.Model.csproj", "{320727B6-0844-4530-A021-FC87EE5633E7}"
EndProject
Project("{9A19103F-16F7-4668-BE54-9A1E7A4F7556}") = "QuickBooksSharp", "QuickBooksSharp\QuickBooksSharp.csproj", "{852BF85A-E5FE-4076-9B11-442F009B22E8}"
EndProject
Project("{9A19103F-16F7-4668-BE54-9A1E7A4F7556}") = "Plaid", "Plaid\Plaid.csproj", "{FC2C7CBB-3F42-44F6-8BCD-76A541EDFC25}"
EndProject
Project("{2150E333-8FDC-42A3-9474-1A3956D46DE8}") = "Solution Items", "Solution Items", "{E3AA2B3B-FE51-42B9-ACDC-D8890BDF43FE}"
	ProjectSection(SolutionItems) = preProject
		.editorconfig = .editorconfig
	EndProjectSection
EndProject
Global
	GlobalSection(SolutionConfigurationPlatforms) = preSolution
		Debug|Any CPU = Debug|Any CPU
		Release|Any CPU = Release|Any CPU
	EndGlobalSection
	GlobalSection(ProjectConfigurationPlatforms) = postSolution
		{0FD9499A-9D3A-4599-9B5B-BBAC2E8CB1D4}.Debug|Any CPU.ActiveCfg = Debug|Any CPU
		{0FD9499A-9D3A-4599-9B5B-BBAC2E8CB1D4}.Debug|Any CPU.Build.0 = Debug|Any CPU
		{0FD9499A-9D3A-4599-9B5B-BBAC2E8CB1D4}.Release|Any CPU.ActiveCfg = Release|Any CPU
		{0FD9499A-9D3A-4599-9B5B-BBAC2E8CB1D4}.Release|Any CPU.Build.0 = Release|Any CPU
		{E23A6DC5-D7A9-4C23-9FC3-466911918E23}.Debug|Any CPU.ActiveCfg = Debug|Any CPU
		{E23A6DC5-D7A9-4C23-9FC3-466911918E23}.Debug|Any CPU.Build.0 = Debug|Any CPU
		{E23A6DC5-D7A9-4C23-9FC3-466911918E23}.Release|Any CPU.ActiveCfg = Release|Any CPU
		{E23A6DC5-D7A9-4C23-9FC3-466911918E23}.Release|Any CPU.Build.0 = Release|Any CPU
		{320727B6-0844-4530-A021-FC87EE5633E7}.Debug|Any CPU.ActiveCfg = Debug|Any CPU
		{320727B6-0844-4530-A021-FC87EE5633E7}.Debug|Any CPU.Build.0 = Debug|Any CPU
		{320727B6-0844-4530-A021-FC87EE5633E7}.Release|Any CPU.ActiveCfg = Release|Any CPU
		{320727B6-0844-4530-A021-FC87EE5633E7}.Release|Any CPU.Build.0 = Release|Any CPU
		{852BF85A-E5FE-4076-9B11-442F009B22E8}.Debug|Any CPU.ActiveCfg = Debug|Any CPU
		{852BF85A-E5FE-4076-9B11-442F009B22E8}.Debug|Any CPU.Build.0 = Debug|Any CPU
		{852BF85A-E5FE-4076-9B11-442F009B22E8}.Release|Any CPU.ActiveCfg = Release|Any CPU
		{852BF85A-E5FE-4076-9B11-442F009B22E8}.Release|Any CPU.Build.0 = Release|Any CPU
		{FC2C7CBB-3F42-44F6-8BCD-76A541EDFC25}.Debug|Any CPU.ActiveCfg = Debug|Any CPU
		{FC2C7CBB-3F42-44F6-8BCD-76A541EDFC25}.Debug|Any CPU.Build.0 = Debug|Any CPU
		{FC2C7CBB-3F42-44F6-8BCD-76A541EDFC25}.Release|Any CPU.ActiveCfg = Release|Any CPU
		{FC2C7CBB-3F42-44F6-8BCD-76A541EDFC25}.Release|Any CPU.Build.0 = Release|Any CPU
	EndGlobalSection
	GlobalSection(SolutionProperties) = preSolution
		HideSolutionNode = FALSE
	EndGlobalSection
	GlobalSection(ExtensibilityGlobals) = postSolution
		SolutionGuid = {16AD5D33-B6DA-42CF-A609-297988F0D06A}
	EndGlobalSection
EndGlobal
